{
  "name": "bank-bff-contracts",
  "lockfileVersion": 3,
  "requires": true,
  "packages": {
    "": {
      "name": "bank-bff-contracts",
      "devDependencies": {
        "@tagokoder/bff-openapi": "0.0.13"
      }
    },
    "node_modules/@tagokoder/bff-openapi": {
      "version": "0.0.13",
      "resolved": "https://npm.pkg.github.com/download/@tagokoder/bff-openapi/0.0.13/256cafe592d816eacb13597609edaf01faf5e94a",
      "integrity": "sha512-LMdTukysQpJlBqkCbZ1lm6Flyw4nhYUPOhqNvxD3C1qsZjypvAs0KqZ2c+RMrVMe/UPLUUWeXu4zQOJ3GqOG1w==",
      "dev": true
    }
  }
}
