{
  "name": "bank-bff-contracts",
  "lockfileVersion": 3,
  "requires": true,
  "packages": {
    "": {
      "name": "bank-bff-contracts",
      "devDependencies": {
        "@tagokoder/bff-openapi": "0.0.16"
      }
    },
    "node_modules/@tagokoder/bff-openapi": {
      "version": "0.0.16",
      "resolved": "https://npm.pkg.github.com/download/@tagokoder/bff-openapi/0.0.16/8fde85cd07521e8e660972f56053dcc482df104e",
      "integrity": "sha512-WfbI1DqsM+MpLC+eKZWP9IB+dt5fMpmf7GdASfA+aridF584fCAZ3nniOdt5gFfRiFQRSFOgB0u40XkTD4NAVg==",
      "dev": true
    }
  }
}
