{
  "name": "bank-bff-contracts",
  "lockfileVersion": 3,
  "requires": true,
  "packages": {
    "": {
      "name": "bank-bff-contracts",
      "devDependencies": {
        "@tagokoder/bff-openapi": "0.0.20"
      }
    },
    "node_modules/@tagokoder/bff-openapi": {
      "version": "0.0.20",
      "resolved": "https://npm.pkg.github.com/download/@tagokoder/bff-openapi/0.0.20/ea4d593b9994ed642fdd350cec35f816d7fdc07e",
      "integrity": "sha512-V0VR2RS0Dz/28dqGse2ftVkOF+NAL85vJtXENyzYY8IPSZQsqqXMHKeip0Qs/5mdyTJNgg8hzUJs8oKwql+5Lg==",
      "dev": true
    }
  }
}
